
Microsoft Visual Studio Solution File, Format Version 12.00
# Visual Studio Version 16
VisualStudioVersion = 16.0.31105.61
MinimumVisualStudioVersion = 10.0.40219.1
Project("{9A19103F-16F7-4668-BE54-9A1E7A4F7556}") = "Domain", "Domain\Domain.csproj", "{70339185-2737-4796-A5A5-DF8B6EFC1030}"
EndProject
Project("{9A19103F-16F7-4668-BE54-9A1E7A4F7556}") = "Database", "Database\Database.csproj", "{6835699A-A9FC-4751-9784-4CFAAFCC77E0}"
EndProject
Project("{9A19103F-16F7-4668-BE54-9A1E7A4F7556}") = "Domain.UnitTests", "Domain.UnitTests\Domain.UnitTests.csproj", "{30DFF657-4854-463E-8CC6-AC1674F6B78D}"
EndProject
Project("{FAE04EC0-301F-11D3-BF4B-00C04F79EFBC}") = "Database.IntegrationTests", "Database.IntegrationTests\Database.IntegrationTests.csproj", "{95F07222-EC8D-480B-9C5D-12847B99368D}"
EndProject
Global
	GlobalSection(SolutionConfigurationPlatforms) = preSolution
		Debug|Any CPU = Debug|Any CPU
		Release|Any CPU = Release|Any CPU
	EndGlobalSection
	GlobalSection(ProjectConfigurationPlatforms) = postSolution
		{70339185-2737-4796-A5A5-DF8B6EFC1030}.Debug|Any CPU.ActiveCfg = Debug|Any CPU
		{70339185-2737-4796-A5A5-DF8B6EFC1030}.Debug|Any CPU.Build.0 = Debug|Any CPU
		{70339185-2737-4796-A5A5-DF8B6EFC1030}.Release|Any CPU.ActiveCfg = Release|Any CPU
		{70339185-2737-4796-A5A5-DF8B6EFC1030}.Release|Any CPU.Build.0 = Release|Any CPU
		{6835699A-A9FC-4751-9784-4CFAAFCC77E0}.Debug|Any CPU.ActiveCfg = Debug|Any CPU
		{6835699A-A9FC-4751-9784-4CFAAFCC77E0}.Debug|Any CPU.Build.0 = Debug|Any CPU
		{6835699A-A9FC-4751-9784-4CFAAFCC77E0}.Release|Any CPU.ActiveCfg = Release|Any CPU
		{6835699A-A9FC-4751-9784-4CFAAFCC77E0}.Release|Any CPU.Build.0 = Release|Any CPU
		{30DFF657-4854-463E-8CC6-AC1674F6B78D}.Debug|Any CPU.ActiveCfg = Debug|Any CPU
		{30DFF657-4854-463E-8CC6-AC1674F6B78D}.Debug|Any CPU.Build.0 = Debug|Any CPU
		{30DFF657-4854-463E-8CC6-AC1674F6B78D}.Release|Any CPU.ActiveCfg = Release|Any CPU
		{30DFF657-4854-463E-8CC6-AC1674F6B78D}.Release|Any CPU.Build.0 = Release|Any CPU
		{95F07222-EC8D-480B-9C5D-12847B99368D}.Debug|Any CPU.ActiveCfg = Debug|Any CPU
		{95F07222-EC8D-480B-9C5D-12847B99368D}.Debug|Any CPU.Build.0 = Debug|Any CPU
		{95F07222-EC8D-480B-9C5D-12847B99368D}.Release|Any CPU.ActiveCfg = Release|Any CPU
		{95F07222-EC8D-480B-9C5D-12847B99368D}.Release|Any CPU.Build.0 = Release|Any CPU
	EndGlobalSection
	GlobalSection(SolutionProperties) = preSolution
		HideSolutionNode = FALSE
	EndGlobalSection
	GlobalSection(ExtensibilityGlobals) = postSolution
		SolutionGuid = {08C2BA16-7EF6-4F40-B279-D87F39217216}
	EndGlobalSection
EndGlobal
