
Microsoft Visual Studio Solution File, Format Version 12.00
# Visual Studio Version 16
VisualStudioVersion = 16.0.31112.23
MinimumVisualStudioVersion = 10.0.40219.1
Project("{FAE04EC0-301F-11D3-BF4B-00C04F79EFBC}") = "Domain", "Domain\Domain.csproj", "{67E4A7B7-08A1-4A86-98A4-646052A6A54C}"
EndProject
Project("{FAE04EC0-301F-11D3-BF4B-00C04F79EFBC}") = "Database", "Database\Database.csproj", "{92D6AC79-3102-4CDD-9FC7-E6F96985BDEA}"
EndProject
Project("{FAE04EC0-301F-11D3-BF4B-00C04F79EFBC}") = "Web", "Web\Web.csproj", "{7528CE4A-136C-4333-A64E-6C722454CC7B}"
EndProject
Global
	GlobalSection(SolutionConfigurationPlatforms) = preSolution
		Debug|Any CPU = Debug|Any CPU
		Release|Any CPU = Release|Any CPU
	EndGlobalSection
	GlobalSection(ProjectConfigurationPlatforms) = postSolution
		{67E4A7B7-08A1-4A86-98A4-646052A6A54C}.Debug|Any CPU.ActiveCfg = Debug|Any CPU
		{67E4A7B7-08A1-4A86-98A4-646052A6A54C}.Debug|Any CPU.Build.0 = Debug|Any CPU
		{67E4A7B7-08A1-4A86-98A4-646052A6A54C}.Release|Any CPU.ActiveCfg = Release|Any CPU
		{67E4A7B7-08A1-4A86-98A4-646052A6A54C}.Release|Any CPU.Build.0 = Release|Any CPU
		{92D6AC79-3102-4CDD-9FC7-E6F96985BDEA}.Debug|Any CPU.ActiveCfg = Debug|Any CPU
		{92D6AC79-3102-4CDD-9FC7-E6F96985BDEA}.Debug|Any CPU.Build.0 = Debug|Any CPU
		{92D6AC79-3102-4CDD-9FC7-E6F96985BDEA}.Release|Any CPU.ActiveCfg = Release|Any CPU
		{92D6AC79-3102-4CDD-9FC7-E6F96985BDEA}.Release|Any CPU.Build.0 = Release|Any CPU
		{7528CE4A-136C-4333-A64E-6C722454CC7B}.Debug|Any CPU.ActiveCfg = Debug|Any CPU
		{7528CE4A-136C-4333-A64E-6C722454CC7B}.Debug|Any CPU.Build.0 = Debug|Any CPU
		{7528CE4A-136C-4333-A64E-6C722454CC7B}.Release|Any CPU.ActiveCfg = Release|Any CPU
		{7528CE4A-136C-4333-A64E-6C722454CC7B}.Release|Any CPU.Build.0 = Release|Any CPU
	EndGlobalSection
	GlobalSection(SolutionProperties) = preSolution
		HideSolutionNode = FALSE
	EndGlobalSection
	GlobalSection(ExtensibilityGlobals) = postSolution
		SolutionGuid = {6926767F-9680-422B-811D-D0E760E51F69}
	EndGlobalSection
EndGlobal
